
Microsoft Visual Studio Solution File, Format Version 12.00
# Visual Studio Version 17
VisualStudioVersion = 17.4.33213.308
MinimumVisualStudioVersion = 10.0.40219.1
Project("{FAE04EC0-301F-11D3-BF4B-00C04F79EFBC}") = "Trytrysee", "Trytrysee\Trytrysee.csproj", "{D5B7BB9C-4682-4CDB-B26C-F65E7E13002A}"
EndProject
Global
	GlobalSection(SolutionConfigurationPlatforms) = preSolution
		Debug|Any CPU = Debug|Any CPU
		Release|Any CPU = Release|Any CPU
	EndGlobalSection
	GlobalSection(ProjectConfigurationPlatforms) = postSolution
		{D5B7BB9C-4682-4CDB-B26C-F65E7E13002A}.Debug|Any CPU.ActiveCfg = Debug|Any CPU
		{D5B7BB9C-4682-4CDB-B26C-F65E7E13002A}.Debug|Any CPU.Build.0 = Debug|Any CPU
		{D5B7BB9C-4682-4CDB-B26C-F65E7E13002A}.Release|Any CPU.ActiveCfg = Release|Any CPU
		{D5B7BB9C-4682-4CDB-B26C-F65E7E13002A}.Release|Any CPU.Build.0 = Release|Any CPU
	EndGlobalSection
	GlobalSection(SolutionProperties) = preSolution
		HideSolutionNode = FALSE
	EndGlobalSection
	GlobalSection(ExtensibilityGlobals) = postSolution
		SolutionGuid = {A8DC6E64-FA09-4516-9C66-E1178D2F74B2}
	EndGlobalSection
EndGlobal
